
Microsoft Visual Studio Solution File, Format Version 12.00
# Visual Studio Version 17
VisualStudioVersion = 17.3.32819.101
MinimumVisualStudioVersion = 10.0.40219.1
Project("{9A19103F-16F7-4668-BE54-9A1E7A4F7556}") = "Desafio1_LF172473", "Desafio1_LF172473.csproj", "{63407972-8CF0-490C-8B20-580BEE730B5C}"
EndProject
Global
	GlobalSection(SolutionConfigurationPlatforms) = preSolution
		Debug|Any CPU = Debug|Any CPU
		Release|Any CPU = Release|Any CPU
	EndGlobalSection
	GlobalSection(ProjectConfigurationPlatforms) = postSolution
		{63407972-8CF0-490C-8B20-580BEE730B5C}.Debug|Any CPU.ActiveCfg = Debug|Any CPU
		{63407972-8CF0-490C-8B20-580BEE730B5C}.Debug|Any CPU.Build.0 = Debug|Any CPU
		{63407972-8CF0-490C-8B20-580BEE730B5C}.Release|Any CPU.ActiveCfg = Release|Any CPU
		{63407972-8CF0-490C-8B20-580BEE730B5C}.Release|Any CPU.Build.0 = Release|Any CPU
	EndGlobalSection
	GlobalSection(SolutionProperties) = preSolution
		HideSolutionNode = FALSE
	EndGlobalSection
	GlobalSection(ExtensibilityGlobals) = postSolution
		SolutionGuid = {BECDF532-DDCC-4D0C-A145-30D677F13469}
	EndGlobalSection
EndGlobal
